// !$*UTF8*$!
{
	archiveVersion = 1;
	classes = {
	};
	objectVersion = 46;
	objects = {

/* Begin PBXBuildFile section */
		CDA3FBA81687687600492815 /* UIKit.framework in Frameworks */ = {isa = PBXBuildFile; fileRef = CDA3FBA71687687600492815 /* UIKit.framework */; };
		CDA3FBAA1687687600492815 /* Foundation.framework in Frameworks */ = {isa = PBXBuildFile; fileRef = CDA3FBA91687687600492815 /* Foundation.framework */; };
		CDA3FBAC1687687600492815 /* CoreGraphics.framework in Frameworks */ = {isa = PBXBuildFile; fileRef = CDA3FBAB1687687600492815 /* CoreGraphics.framework */; };
		CDA3FBB21687687600492815 /* InfoPlist.strings in Resources */ = {isa = PBXBuildFile; fileRef = CDA3FBB01687687600492815 /* InfoPlist.strings */; };
		CDA3FBB41687687600492815 /* main.m in Sources */ = {isa = PBXBuildFile; fileRef = CDA3FBB31687687600492815 /* main.m */; };
		CDA3FBB81687687600492815 /* AppDelegate.m in Sources */ = {isa = PBXBuildFile; fileRef = CDA3FBB71687687600492815 /* AppDelegate.m */; };
		CDA3FBBA1687687600492815 /* Default.png in Resources */ = {isa = PBXBuildFile; fileRef = CDA3FBB91687687600492815 /* Default.png */; };
		CDA3FBBC1687687600492815 /* Default@2x.png in Resources */ = {isa = PBXBuildFile; fileRef = CDA3FBBB1687687600492815 /* Default@2x.png */; };
		CDA3FBBE1687687600492815 /* Default-568h@2x.png in Resources */ = {isa = PBXBuildFile; fileRef = CDA3FBBD1687687600492815 /* Default-568h@2x.png */; };
		CDA3FBC11687687600492815 /* MainStoryboard.storyboard in Resources */ = {isa = PBXBuildFile; fileRef = CDA3FBBF1687687600492815 /* MainStoryboard.storyboard */; };
		CDA3FBC41687687600492815 /* ViewController.m in Sources */ = {isa = PBXBuildFile; fileRef = CDA3FBC31687687600492815 /* ViewController.m */; };
/* End PBXBuildFile section */

/* Begin PBXFileReference section */
		CDA3FBA31687687600492815 /* GitUseExample.app */ = {isa = PBXFileReference; explicitFileType = wrapper.application; includeInIndex = 0; path = GitUseExample.app; sourceTree = BUILT_PRODUCTS_DIR; };
		CDA3FBA71687687600492815 /* UIKit.framework */ = {isa = PBXFileReference; lastKnownFileType = wrapper.framework; name = UIKit.framework; path = System/Library/Frameworks/UIKit.framework; sourceTree = SDKROOT; };
		CDA3FBA91687687600492815 /* Foundation.framework */ = {isa = PBXFileReference; lastKnownFileType = wrapper.framework; name = Foundation.framework; path = System/Library/Frameworks/Foundation.framework; sourceTree = SDKROOT; };
		CDA3FBAB1687687600492815 /* CoreGraphics.framework */ = {isa = PBXFileReference; lastKnownFileType = wrapper.framework; name = CoreGraphics.framework; path = System/Library/Frameworks/CoreGraphics.framework; sourceTree = SDKROOT; };
		CDA3FBAF1687687600492815 /* GitUseExample-Info.plist */ = {isa = PBXFileReference; lastKnownFileType = text.plist.xml; path = "GitUseExample-Info.plist"; sourceTree = "<group>"; };
		CDA3FBB11687687600492815 /* en */ = {isa = PBXFileReference; lastKnownFileType = text.plist.strings; name = en; path = en.lproj/InfoPlist.strings; sourceTree = "<group>"; };
		CDA3FBB31687687600492815 /* main.m */ = {isa = PBXFileReference; lastKnownFileType = sourcecode.c.objc; path = main.m; sourceTree = "<group>"; };
		CDA3FBB51687687600492815 /* GitUseExample-Prefix.pch */ = {isa = PBXFileReference; lastKnownFileType = sourcecode.c.h; path = "GitUseExample-Prefix.pch"; sourceTree = "<group>"; };
		CDA3FBB61687687600492815 /* AppDelegate.h */ = {isa = PBXFileReference; lastKnownFileType = sourcecode.c.h; path = AppDelegate.h; sourceTree = "<group>"; };
		CDA3FBB71687687600492815 /* AppDelegate.m */ = {isa = PBXFileReference; lastKnownFileType = sourcecode.c.objc; path = AppDelegate.m; sourceTree = "<group>"; };
		CDA3FBB91687687600492815 /* Default.png */ = {isa = PBXFileReference; lastKnownFileType = image.png; path = Default.png; sourceTree = "<group>"; };
		CDA3FBBB1687687600492815 /* Default@2x.png */ = {isa = PBXFileReference; lastKnownFileType = image.png; path = "Default@2x.png"; sourceTree = "<group>"; };
		CDA3FBBD1687687600492815 /* Default-568h@2x.png */ = {isa = PBXFileReference; lastKnownFileType = image.png; path = "Default-568h@2x.png"; sourceTree = "<group>"; };
		CDA3FBC01687687600492815 /* en */ = {isa = PBXFileReference; lastKnownFileType = file.storyboard; name = en; path = en.lproj/MainStoryboard.storyboard; sourceTree = "<group>"; };
		CDA3FBC21687687600492815 /* ViewController.h */ = {isa = PBXFileReference; lastKnownFileType = sourcecode.c.h; path = ViewController.h; sourceTree = "<group>"; };
		CDA3FBC31687687600492815 /* ViewController.m */ = {isa = PBXFileReference; lastKnownFileType = sourcecode.c.objc; path = ViewController.m; sourceTree = "<group>"; };
/* End PBXFileReference section */

/* Begin PBXFrameworksBuildPhase section */
		CDA3FBA01687687600492815 /* Frameworks */ = {
			isa = PBXFrameworksBuildPhase;
			buildActionMask = 2147483647;
			files = (
				CDA3FBA81687687600492815 /* UIKit.framework in Frameworks */,
				CDA3FBAA1687687600492815 /* Foundation.framework in Frameworks */,
				CDA3FBAC1687687600492815 /* CoreGraphics.framework in Frameworks */,
			);
			runOnlyForDeploymentPostprocessing = 0;
		};
/* End PBXFrameworksBuildPhase section */

/* Begin PBXGroup section */
		CDA3FB981687687600492815 = {
			isa = PBXGroup;
			children = (
				CDA3FBAD1687687600492815 /* GitUseExample */,
				CDA3FBA61687687600492815 /* Frameworks */,
				CDA3FBA41687687600492815 /* Products */,
			);
			sourceTree = "<group>";
		};
		CDA3FBA41687687600492815 /* Products */ = {
			isa = PBXGroup;
			children = (
				CDA3FBA31687687600492815 /* GitUseExample.app */,
			);
			name = Products;
			sourceTree = "<group>";
		};
		CDA3FBA61687687600492815 /* Frameworks */ = {
			isa = PBXGroup;
			children = (
				CDA3FBA71687687600492815 /* UIKit.framework */,
				CDA3FBA91687687600492815 /* Foundation.framework */,
				CDA3FBAB1687687600492815 /* CoreGraphics.framework */,
			);
			name = Frameworks;
			sourceTree = "<group>";
		};
		CDA3FBAD1687687600492815 /* GitUseExample */ = {
			isa = PBXGroup;
			children = (
				CDA3FBB61687687600492815 /* AppDelegate.h */,
				CDA3FBB71687687600492815 /* AppDelegate.m */,
				CDA3FBBF1687687600492815 /* MainStoryboard.storyboard */,
				CDA3FBC21687687600492815 /* ViewController.h */,
				CDA3FBC31687687600492815 /* ViewController.m */,
				CDA3FBAE1687687600492815 /* Supporting Files */,
			);
			path = GitUseExample;
			sourceTree = "<group>";
		};
		CDA3FBAE1687687600492815 /* Supporting Files */ = {
			isa = PBXGroup;
			children = (
				CDA3FBAF1687687600492815 /* GitUseExample-Info.plist */,
				CDA3FBB01687687600492815 /* InfoPlist.strings */,
				CDA3FBB31687687600492815 /* main.m */,
				CDA3FBB51687687600492815 /* GitUseExample-Prefix.pch */,
				CDA3FBB91687687600492815 /* Default.png */,
				CDA3FBBB1687687600492815 /* Default@2x.png */,
				CDA3FBBD1687687600492815 /* Default-568h@2x.png */,
			);
			name = "Supporting Files";
			sourceTree = "<group>";
		};
/* End PBXGroup section */

/* Begin PBXNativeTarget section */
		CDA3FBA21687687600492815 /* GitUseExample */ = {
			isa = PBXNativeTarget;
			buildConfigurationList = CDA3FBC71687687600492815 /* Build configuration list for PBXNativeTarget "GitUseExample" */;
			buildPhases = (
				CDA3FB9F1687687600492815 /* Sources */,
				CDA3FBA01687687600492815 /* Frameworks */,
				CDA3FBA11687687600492815 /* Resources */,
			);
			buildRules = (
			);
			dependencies = (
			);
			name = GitUseExample;
			productName = GitUseExample;
			productReference = CDA3FBA31687687600492815 /* GitUseExample.app */;
			productType = "com.apple.product-type.application";
		};
/* End PBXNativeTarget section */

/* Begin PBXProject section */
		CDA3FB9A1687687600492815 /* Project object */ = {
			isa = PBXProject;
			attributes = {
				LastUpgradeCheck = 0450;
				ORGANIZATIONNAME = "Rodney Cobb";
			};
			buildConfigurationList = CDA3FB9D1687687600492815 /* Build configuration list for PBXProject "GitUseExample" */;
			compatibilityVersion = "Xcode 3.2";
			developmentRegion = English;
			hasScannedForEncodings = 0;
			knownRegions = (
				en,
			);
			mainGroup = CDA3FB981687687600492815;
			productRefGroup = CDA3FBA41687687600492815 /* Products */;
			projectDirPath = "";
			projectRoot = "";
			targets = (
				CDA3FBA21687687600492815 /* GitUseExample */,
			);
		};
/* End PBXProject section */

/* Begin PBXResourcesBuildPhase section */
		CDA3FBA11687687600492815 /* Resources */ = {
			isa = PBXResourcesBuildPhase;
			buildActionMask = 2147483647;
			files = (
				CDA3FBB21687687600492815 /* InfoPlist.strings in Resources */,
				CDA3FBBA1687687600492815 /* Default.png in Resources */,
				CDA3FBBC1687687600492815 /* Default@2x.png in Resources */,
				CDA3FBBE1687687600492815 /* Default-568h@2x.png in Resources */,
				CDA3FBC11687687600492815 /* MainStoryboard.storyboard in Resources */,
			);
			runOnlyForDeploymentPostprocessing = 0;
		};
/* End PBXResourcesBuildPhase section */

/* Begin PBXSourcesBuildPhase section */
		CDA3FB9F1687687600492815 /* Sources */ = {
			isa = PBXSourcesBuildPhase;
			buildActionMask = 2147483647;
			files = (
				CDA3FBB41687687600492815 /* main.m in Sources */,
				CDA3FBB81687687600492815 /* AppDelegate.m in Sources */,
				CDA3FBC41687687600492815 /* ViewController.m in Sources */,
			);
			runOnlyForDeploymentPostprocessing = 0;
		};
/* End PBXSourcesBuildPhase section */

/* Begin PBXVariantGroup section */
		CDA3FBB01687687600492815 /* InfoPlist.strings */ = {
			isa = PBXVariantGroup;
			children = (
				CDA3FBB11687687600492815 /* en */,
			);
			name = InfoPlist.strings;
			sourceTree = "<group>";
		};
		CDA3FBBF1687687600492815 /* MainStoryboard.storyboard */ = {
			isa = PBXVariantGroup;
			children = (
				CDA3FBC01687687600492815 /* en */,
			);
			name = MainStoryboard.storyboard;
			sourceTree = "<group>";
		};
/* End PBXVariantGroup section */

/* Begin XCBuildConfiguration section */
		CDA3FBC51687687600492815 /* Debug */ = {
			isa = XCBuildConfiguration;
			buildSettings = {
				ALWAYS_SEARCH_USER_PATHS = NO;
				CLANG_CXX_LANGUAGE_STANDARD = "gnu++0x";
				CLANG_CXX_LIBRARY = "libc++";
				CLANG_ENABLE_OBJC_ARC = YES;
				CLANG_WARN_EMPTY_BODY = YES;
				CLANG_WARN__DUPLICATE_METHOD_MATCH = YES;
				"CODE_SIGN_IDENTITY[sdk=iphoneos*]" = "iPhone Developer";
				COPY_PHASE_STRIP = NO;
				GCC_C_LANGUAGE_STANDARD = gnu99;
				GCC_DYNAMIC_NO_PIC = NO;
				GCC_OPTIMIZATION_LEVEL = 0;
				GCC_PREPROCESSOR_DEFINITIONS = (
					"DEBUG=1",
					"$(inherited)",
				);
				GCC_SYMBOLS_PRIVATE_EXTERN = NO;
				GCC_WARN_ABOUT_RETURN_TYPE = YES;
				GCC_WARN_UNINITIALIZED_AUTOS = YES;
				GCC_WARN_UNUSED_VARIABLE = YES;
				IPHONEOS_DEPLOYMENT_TARGET = 6.0;
				ONLY_ACTIVE_ARCH = YES;
				SDKROOT = iphoneos;
			};
			name = Debug;
		};
		CDA3FBC61687687600492815 /* Release */ = {
			isa = XCBuildConfiguration;
			buildSettings = {
				ALWAYS_SEARCH_USER_PATHS = NO;
				CLANG_CXX_LANGUAGE_STANDARD = "gnu++0x";
				CLANG_CXX_LIBRARY = "libc++";
				CLANG_ENABLE_OBJC_ARC = YES;
				CLANG_WARN_EMPTY_BODY = YES;
				CLANG_WARN__DUPLICATE_METHOD_MATCH = YES;
				"CODE_SIGN_IDENTITY[sdk=iphoneos*]" = "iPhone Developer";
				COPY_PHASE_STRIP = YES;
				GCC_C_LANGUAGE_STANDARD = gnu99;
				GCC_WARN_ABOUT_RETURN_TYPE = YES;
				GCC_WARN_UNINITIALIZED_AUTOS = YES;
				GCC_WARN_UNUSED_VARIABLE = YES;
				IPHONEOS_DEPLOYMENT_TARGET = 6.0;
				OTHER_CFLAGS = "-DNS_BLOCK_ASSERTIONS=1";
				SDKROOT = iphoneos;
				VALIDATE_PRODUCT = YES;
			};
			name = Release;
		};
		CDA3FBC81687687600492815 /* Debug */ = {
			isa = XCBuildConfiguration;
			buildSettings = {
				GCC_PRECOMPILE_PREFIX_HEADER = YES;
				GCC_PREFIX_HEADER = "GitUseExample/GitUseExample-Prefix.pch";
				INFOPLIST_FILE = "GitUseExample/GitUseExample-Info.plist";
				PRODUCT_NAME = "$(TARGET_NAME)";
				WRAPPER_EXTENSION = app;
			};
			name = Debug;
		};
		CDA3FBC91687687600492815 /* Release */ = {
			isa = XCBuildConfiguration;
			buildSettings = {
				GCC_PRECOMPILE_PREFIX_HEADER = YES;
				GCC_PREFIX_HEADER = "GitUseExample/GitUseExample-Prefix.pch";
				INFOPLIST_FILE = "GitUseExample/GitUseExample-Info.plist";
				PRODUCT_NAME = "$(TARGET_NAME)";
				WRAPPER_EXTENSION = app;
			};
			name = Release;
		};
/* End XCBuildConfiguration section */

/* Begin XCConfigurationList section */
		CDA3FB9D1687687600492815 /* Build configuration list for PBXProject "GitUseExample" */ = {
			isa = XCConfigurationList;
			buildConfigurations = (
				CDA3FBC51687687600492815 /* Debug */,
				CDA3FBC61687687600492815 /* Release */,
			);
			defaultConfigurationIsVisible = 0;
			defaultConfigurationName = Release;
		};
		CDA3FBC71687687600492815 /* Build configuration list for PBXNativeTarget "GitUseExample" */ = {
			isa = XCConfigurationList;
			buildConfigurations = (
				CDA3FBC81687687600492815 /* Debug */,
				CDA3FBC91687687600492815 /* Release */,
			);
			defaultConfigurationIsVisible = 0;
		};
/* End XCConfigurationList section */
	};
	rootObject = CDA3FB9A1687687600492815 /* Project object */;
}
